
Microsoft Visual Studio Solution File, Format Version 12.00
# Visual Studio 14
VisualStudioVersion = 14.0.24720.0
MinimumVisualStudioVersion = 10.0.40219.1
Project("{FAE04EC0-301F-11D3-BF4B-00C04F79EFBC}") = "QRCode", "QRLibrary\QRCode.csproj", "{544FC363-FC12-4FE5-B616-9CF6E86D4944}"
EndProject
Project("{FAE04EC0-301F-11D3-BF4B-00C04F79EFBC}") = "TestApp", "TestApp\TestApp.csproj", "{DBEF32C7-1E57-4116-B473-F4E55723A9A6}"
EndProject
Global
	GlobalSection(SolutionConfigurationPlatforms) = preSolution
		Debug|Any CPU = Debug|Any CPU
		Release|Any CPU = Release|Any CPU
	EndGlobalSection
	GlobalSection(ProjectConfigurationPlatforms) = postSolution
		{544FC363-FC12-4FE5-B616-9CF6E86D4944}.Debug|Any CPU.ActiveCfg = Debug|Any CPU
		{544FC363-FC12-4FE5-B616-9CF6E86D4944}.Debug|Any CPU.Build.0 = Debug|Any CPU
		{544FC363-FC12-4FE5-B616-9CF6E86D4944}.Release|Any CPU.ActiveCfg = Release|Any CPU
		{544FC363-FC12-4FE5-B616-9CF6E86D4944}.Release|Any CPU.Build.0 = Release|Any CPU
		{DBEF32C7-1E57-4116-B473-F4E55723A9A6}.Debug|Any CPU.ActiveCfg = Debug|Any CPU
		{DBEF32C7-1E57-4116-B473-F4E55723A9A6}.Debug|Any CPU.Build.0 = Debug|Any CPU
		{DBEF32C7-1E57-4116-B473-F4E55723A9A6}.Release|Any CPU.ActiveCfg = Release|Any CPU
		{DBEF32C7-1E57-4116-B473-F4E55723A9A6}.Release|Any CPU.Build.0 = Release|Any CPU
	EndGlobalSection
	GlobalSection(SolutionProperties) = preSolution
		HideSolutionNode = FALSE
	EndGlobalSection
EndGlobal
